
Microsoft Visual Studio Solution File, Format Version 12.00
# Visual Studio Version 16
VisualStudioVersion = 16.0.31129.286
MinimumVisualStudioVersion = 10.0.40219.1
Project("{FAE04EC0-301F-11D3-BF4B-00C04F79EFBC}") = "Boyum Challenge", "Boyum Challenge\Boyum Challenge.csproj", "{38A33415-7E55-4BAB-A311-5FD800308F40}"
EndProject
Project("{FAE04EC0-301F-11D3-BF4B-00C04F79EFBC}") = "Boyum Test", "Boyum Test\Boyum Test.csproj", "{F617B0A0-E345-40E2-8C2D-918A5A0ECC48}"
EndProject
Global
	GlobalSection(SolutionConfigurationPlatforms) = preSolution
		Debug|Any CPU = Debug|Any CPU
		Release|Any CPU = Release|Any CPU
	EndGlobalSection
	GlobalSection(ProjectConfigurationPlatforms) = postSolution
		{38A33415-7E55-4BAB-A311-5FD800308F40}.Debug|Any CPU.ActiveCfg = Debug|Any CPU
		{38A33415-7E55-4BAB-A311-5FD800308F40}.Debug|Any CPU.Build.0 = Debug|Any CPU
		{38A33415-7E55-4BAB-A311-5FD800308F40}.Release|Any CPU.ActiveCfg = Release|Any CPU
		{38A33415-7E55-4BAB-A311-5FD800308F40}.Release|Any CPU.Build.0 = Release|Any CPU
		{F617B0A0-E345-40E2-8C2D-918A5A0ECC48}.Debug|Any CPU.ActiveCfg = Debug|Any CPU
		{F617B0A0-E345-40E2-8C2D-918A5A0ECC48}.Debug|Any CPU.Build.0 = Debug|Any CPU
		{F617B0A0-E345-40E2-8C2D-918A5A0ECC48}.Release|Any CPU.ActiveCfg = Release|Any CPU
		{F617B0A0-E345-40E2-8C2D-918A5A0ECC48}.Release|Any CPU.Build.0 = Release|Any CPU
	EndGlobalSection
	GlobalSection(SolutionProperties) = preSolution
		HideSolutionNode = FALSE
	EndGlobalSection
	GlobalSection(ExtensibilityGlobals) = postSolution
		SolutionGuid = {EFFC7B05-9DA8-4B96-B801-D8A125E92544}
	EndGlobalSection
EndGlobal
